// !$*UTF8*$!
{
	archiveVersion = 1;
	classes = {
	};
	objectVersion = 51;
	objects = {

/* Begin PBXBuildFile section */
		6A44CB1A26ED2097009C6F74 /* AppDelegate.swift in Sources */ = {isa = PBXBuildFile; fileRef = 6A44CB1926ED2097009C6F74 /* AppDelegate.swift */; };
		6A44CB1C26ED2097009C6F74 /* SceneDelegate.swift in Sources */ = {isa = PBXBuildFile; fileRef = 6A44CB1B26ED2097009C6F74 /* SceneDelegate.swift */; };
		6A44CB1E26ED2097009C6F74 /* ViewController.swift in Sources */ = {isa = PBXBuildFile; fileRef = 6A44CB1D26ED2097009C6F74 /* ViewController.swift */; };
		6A44CB2126ED2097009C6F74 /* Main.storyboard in Resources */ = {isa = PBXBuildFile; fileRef = 6A44CB1F26ED2097009C6F74 /* Main.storyboard */; };
		6A44CB2326ED2099009C6F74 /* Assets.xcassets in Resources */ = {isa = PBXBuildFile; fileRef = 6A44CB2226ED2099009C6F74 /* Assets.xcassets */; };
		6A44CB2626ED2099009C6F74 /* LaunchScreen.storyboard in Resources */ = {isa = PBXBuildFile; fileRef = 6A44CB2426ED2099009C6F74 /* LaunchScreen.storyboard */; };
		6A7DCC1326F74A4200703913 /* ViewControllerB.swift in Sources */ = {isa = PBXBuildFile; fileRef = 6A7DCC1226F74A4200703913 /* ViewControllerB.swift */; };
		6A7DCC1526F74FB500703913 /* ViewControllerС.swift in Sources */ = {isa = PBXBuildFile; fileRef = 6A7DCC1426F74FB500703913 /* ViewControllerС.swift */; };
		6A7DCC1726F7753500703913 /* ViewControllerDD.swift in Sources */ = {isa = PBXBuildFile; fileRef = 6A7DCC1626F7753500703913 /* ViewControllerDD.swift */; };
		6A7DCC1926F7781800703913 /* ViewControllerEE.swift in Sources */ = {isa = PBXBuildFile; fileRef = 6A7DCC1826F7781800703913 /* ViewControllerEE.swift */; };
		A3258CFA3BCBBC14E6ED640A /* Pods_BondHomework.framework in Frameworks */ = {isa = PBXBuildFile; fileRef = 19E2A6925C4B523C24FA65D9 /* Pods_BondHomework.framework */; };
/* End PBXBuildFile section */

/* Begin PBXFileReference section */
		19E2A6925C4B523C24FA65D9 /* Pods_BondHomework.framework */ = {isa = PBXFileReference; explicitFileType = wrapper.framework; includeInIndex = 0; path = Pods_BondHomework.framework; sourceTree = BUILT_PRODUCTS_DIR; };
		32ECF46DE1E4EA592E83EF80 /* Pods-BondHomework.debug.xcconfig */ = {isa = PBXFileReference; includeInIndex = 1; lastKnownFileType = text.xcconfig; name = "Pods-BondHomework.debug.xcconfig"; path = "Target Support Files/Pods-BondHomework/Pods-BondHomework.debug.xcconfig"; sourceTree = "<group>"; };
		6A44CB1626ED2097009C6F74 /* BondHomework.app */ = {isa = PBXFileReference; explicitFileType = wrapper.application; includeInIndex = 0; path = BondHomework.app; sourceTree = BUILT_PRODUCTS_DIR; };
		6A44CB1926ED2097009C6F74 /* AppDelegate.swift */ = {isa = PBXFileReference; lastKnownFileType = sourcecode.swift; path = AppDelegate.swift; sourceTree = "<group>"; };
		6A44CB1B26ED2097009C6F74 /* SceneDelegate.swift */ = {isa = PBXFileReference; lastKnownFileType = sourcecode.swift; path = SceneDelegate.swift; sourceTree = "<group>"; };
		6A44CB1D26ED2097009C6F74 /* ViewController.swift */ = {isa = PBXFileReference; lastKnownFileType = sourcecode.swift; path = ViewController.swift; sourceTree = "<group>"; };
		6A44CB2026ED2097009C6F74 /* Base */ = {isa = PBXFileReference; lastKnownFileType = file.storyboard; name = Base; path = Base.lproj/Main.storyboard; sourceTree = "<group>"; };
		6A44CB2226ED2099009C6F74 /* Assets.xcassets */ = {isa = PBXFileReference; lastKnownFileType = folder.assetcatalog; path = Assets.xcassets; sourceTree = "<group>"; };
		6A44CB2526ED2099009C6F74 /* Base */ = {isa = PBXFileReference; lastKnownFileType = file.storyboard; name = Base; path = Base.lproj/LaunchScreen.storyboard; sourceTree = "<group>"; };
		6A44CB2726ED2099009C6F74 /* Info.plist */ = {isa = PBXFileReference; lastKnownFileType = text.plist.xml; path = Info.plist; sourceTree = "<group>"; };
		6A7DCC1226F74A4200703913 /* ViewControllerB.swift */ = {isa = PBXFileReference; lastKnownFileType = sourcecode.swift; path = ViewControllerB.swift; sourceTree = "<group>"; };
		6A7DCC1426F74FB500703913 /* ViewControllerС.swift */ = {isa = PBXFileReference; lastKnownFileType = sourcecode.swift; path = "ViewControllerС.swift"; sourceTree = "<group>"; };
		6A7DCC1626F7753500703913 /* ViewControllerDD.swift */ = {isa = PBXFileReference; lastKnownFileType = sourcecode.swift; path = ViewControllerDD.swift; sourceTree = "<group>"; };
		6A7DCC1826F7781800703913 /* ViewControllerEE.swift */ = {isa = PBXFileReference; lastKnownFileType = sourcecode.swift; path = ViewControllerEE.swift; sourceTree = "<group>"; };
		B1E2FCD0FA0B2EF62BE85DD5 /* Pods-BondHomework.release.xcconfig */ = {isa = PBXFileReference; includeInIndex = 1; lastKnownFileType = text.xcconfig; name = "Pods-BondHomework.release.xcconfig"; path = "Target Support Files/Pods-BondHomework/Pods-BondHomework.release.xcconfig"; sourceTree = "<group>"; };
/* End PBXFileReference section */

/* Begin PBXFrameworksBuildPhase section */
		6A44CB1326ED2097009C6F74 /* Frameworks */ = {
			isa = PBXFrameworksBuildPhase;
			buildActionMask = 2147483647;
			files = (
				A3258CFA3BCBBC14E6ED640A /* Pods_BondHomework.framework in Frameworks */,
			);
			runOnlyForDeploymentPostprocessing = 0;
		};
/* End PBXFrameworksBuildPhase section */

/* Begin PBXGroup section */
		6A44CB0D26ED2097009C6F74 = {
			isa = PBXGroup;
			children = (
				6A44CB1826ED2097009C6F74 /* BondHomework */,
				6A44CB1726ED2097009C6F74 /* Products */,
				9FD094431F40C215454B8895 /* Pods */,
				C695AE633DEC8CCB884137A0 /* Frameworks */,
			);
			sourceTree = "<group>";
		};
		6A44CB1726ED2097009C6F74 /* Products */ = {
			isa = PBXGroup;
			children = (
				6A44CB1626ED2097009C6F74 /* BondHomework.app */,
			);
			name = Products;
			sourceTree = "<group>";
		};
		6A44CB1826ED2097009C6F74 /* BondHomework */ = {
			isa = PBXGroup;
			children = (
				6A44CB1926ED2097009C6F74 /* AppDelegate.swift */,
				6A44CB1B26ED2097009C6F74 /* SceneDelegate.swift */,
				6A44CB1F26ED2097009C6F74 /* Main.storyboard */,
				6A44CB1D26ED2097009C6F74 /* ViewController.swift */,
				6A7DCC1226F74A4200703913 /* ViewControllerB.swift */,
				6A7DCC1426F74FB500703913 /* ViewControllerС.swift */,
				6A7DCC1626F7753500703913 /* ViewControllerDD.swift */,
				6A7DCC1826F7781800703913 /* ViewControllerEE.swift */,
				6A44CB2226ED2099009C6F74 /* Assets.xcassets */,
				6A44CB2426ED2099009C6F74 /* LaunchScreen.storyboard */,
				6A44CB2726ED2099009C6F74 /* Info.plist */,
			);
			path = BondHomework;
			sourceTree = "<group>";
		};
		9FD094431F40C215454B8895 /* Pods */ = {
			isa = PBXGroup;
			children = (
				32ECF46DE1E4EA592E83EF80 /* Pods-BondHomework.debug.xcconfig */,
				B1E2FCD0FA0B2EF62BE85DD5 /* Pods-BondHomework.release.xcconfig */,
			);
			path = Pods;
			sourceTree = "<group>";
		};
		C695AE633DEC8CCB884137A0 /* Frameworks */ = {
			isa = PBXGroup;
			children = (
				19E2A6925C4B523C24FA65D9 /* Pods_BondHomework.framework */,
			);
			name = Frameworks;
			sourceTree = "<group>";
		};
/* End PBXGroup section */

/* Begin PBXNativeTarget section */
		6A44CB1526ED2097009C6F74 /* BondHomework */ = {
			isa = PBXNativeTarget;
			buildConfigurationList = 6A44CB2A26ED2099009C6F74 /* Build configuration list for PBXNativeTarget "BondHomework" */;
			buildPhases = (
				3554F776B7F90376670341D6 /* [CP] Check Pods Manifest.lock */,
				6A44CB1226ED2097009C6F74 /* Sources */,
				6A44CB1326ED2097009C6F74 /* Frameworks */,
				6A44CB1426ED2097009C6F74 /* Resources */,
				5E5B7250FAA55EA1F5C90C98 /* [CP] Embed Pods Frameworks */,
			);
			buildRules = (
			);
			dependencies = (
			);
			name = BondHomework;
			productName = BondHomework;
			productReference = 6A44CB1626ED2097009C6F74 /* BondHomework.app */;
			productType = "com.apple.product-type.application";
		};
/* End PBXNativeTarget section */

/* Begin PBXProject section */
		6A44CB0E26ED2097009C6F74 /* Project object */ = {
			isa = PBXProject;
			attributes = {
				LastSwiftUpdateCheck = 1250;
				LastUpgradeCheck = 1250;
				TargetAttributes = {
					6A44CB1526ED2097009C6F74 = {
						CreatedOnToolsVersion = 12.5.1;
					};
				};
			};
			buildConfigurationList = 6A44CB1126ED2097009C6F74 /* Build configuration list for PBXProject "BondHomework" */;
			compatibilityVersion = "Xcode 9.3";
			developmentRegion = en;
			hasScannedForEncodings = 0;
			knownRegions = (
				en,
				Base,
			);
			mainGroup = 6A44CB0D26ED2097009C6F74;
			productRefGroup = 6A44CB1726ED2097009C6F74 /* Products */;
			projectDirPath = "";
			projectRoot = "";
			targets = (
				6A44CB1526ED2097009C6F74 /* BondHomework */,
			);
		};
/* End PBXProject section */

/* Begin PBXResourcesBuildPhase section */
		6A44CB1426ED2097009C6F74 /* Resources */ = {
			isa = PBXResourcesBuildPhase;
			buildActionMask = 2147483647;
			files = (
				6A44CB2626ED2099009C6F74 /* LaunchScreen.storyboard in Resources */,
				6A44CB2326ED2099009C6F74 /* Assets.xcassets in Resources */,
				6A44CB2126ED2097009C6F74 /* Main.storyboard in Resources */,
			);
			runOnlyForDeploymentPostprocessing = 0;
		};
/* End PBXResourcesBuildPhase section */

/* Begin PBXShellScriptBuildPhase section */
		3554F776B7F90376670341D6 /* [CP] Check Pods Manifest.lock */ = {
			isa = PBXShellScriptBuildPhase;
			buildActionMask = 2147483647;
			files = (
			);
			inputFileListPaths = (
			);
			inputPaths = (
				"${PODS_PODFILE_DIR_PATH}/Podfile.lock",
				"${PODS_ROOT}/Manifest.lock",
			);
			name = "[CP] Check Pods Manifest.lock";
			outputFileListPaths = (
			);
			outputPaths = (
				"$(DERIVED_FILE_DIR)/Pods-BondHomework-checkManifestLockResult.txt",
			);
			runOnlyForDeploymentPostprocessing = 0;
			shellPath = /bin/sh;
			shellScript = "diff \"${PODS_PODFILE_DIR_PATH}/Podfile.lock\" \"${PODS_ROOT}/Manifest.lock\" > /dev/null\nif [ $? != 0 ] ; then\n    # print error to STDERR\n    echo \"error: The sandbox is not in sync with the Podfile.lock. Run 'pod install' or update your CocoaPods installation.\" >&2\n    exit 1\nfi\n# This output is used by Xcode 'outputs' to avoid re-running this script phase.\necho \"SUCCESS\" > \"${SCRIPT_OUTPUT_FILE_0}\"\n";
			showEnvVarsInLog = 0;
		};
		5E5B7250FAA55EA1F5C90C98 /* [CP] Embed Pods Frameworks */ = {
			isa = PBXShellScriptBuildPhase;
			buildActionMask = 2147483647;
			files = (
			);
			inputFileListPaths = (
				"${PODS_ROOT}/Target Support Files/Pods-BondHomework/Pods-BondHomework-frameworks-${CONFIGURATION}-input-files.xcfilelist",
			);
			name = "[CP] Embed Pods Frameworks";
			outputFileListPaths = (
				"${PODS_ROOT}/Target Support Files/Pods-BondHomework/Pods-BondHomework-frameworks-${CONFIGURATION}-output-files.xcfilelist",
			);
			runOnlyForDeploymentPostprocessing = 0;
			shellPath = /bin/sh;
			shellScript = "\"${PODS_ROOT}/Target Support Files/Pods-BondHomework/Pods-BondHomework-frameworks.sh\"\n";
			showEnvVarsInLog = 0;
		};
/* End PBXShellScriptBuildPhase section */

/* Begin PBXSourcesBuildPhase section */
		6A44CB1226ED2097009C6F74 /* Sources */ = {
			isa = PBXSourcesBuildPhase;
			buildActionMask = 2147483647;
			files = (
				6A7DCC1726F7753500703913 /* ViewControllerDD.swift in Sources */,
				6A7DCC1526F74FB500703913 /* ViewControllerС.swift in Sources */,
				6A44CB1E26ED2097009C6F74 /* ViewController.swift in Sources */,
				6A7DCC1926F7781800703913 /* ViewControllerEE.swift in Sources */,
				6A7DCC1326F74A4200703913 /* ViewControllerB.swift in Sources */,
				6A44CB1A26ED2097009C6F74 /* AppDelegate.swift in Sources */,
				6A44CB1C26ED2097009C6F74 /* SceneDelegate.swift in Sources */,
			);
			runOnlyForDeploymentPostprocessing = 0;
		};
/* End PBXSourcesBuildPhase section */

/* Begin PBXVariantGroup section */
		6A44CB1F26ED2097009C6F74 /* Main.storyboard */ = {
			isa = PBXVariantGroup;
			children = (
				6A44CB2026ED2097009C6F74 /* Base */,
			);
			name = Main.storyboard;
			sourceTree = "<group>";
		};
		6A44CB2426ED2099009C6F74 /* LaunchScreen.storyboard */ = {
			isa = PBXVariantGroup;
			children = (
				6A44CB2526ED2099009C6F74 /* Base */,
			);
			name = LaunchScreen.storyboard;
			sourceTree = "<group>";
		};
/* End PBXVariantGroup section */

/* Begin XCBuildConfiguration section */
		6A44CB2826ED2099009C6F74 /* Debug */ = {
			isa = XCBuildConfiguration;
			buildSettings = {
				ALWAYS_SEARCH_USER_PATHS = NO;
				CLANG_ANALYZER_NONNULL = YES;
				CLANG_ANALYZER_NUMBER_OBJECT_CONVERSION = YES_AGGRESSIVE;
				CLANG_CXX_LANGUAGE_STANDARD = "gnu++14";
				CLANG_CXX_LIBRARY = "libc++";
				CLANG_ENABLE_MODULES = YES;
				CLANG_ENABLE_OBJC_ARC = YES;
				CLANG_ENABLE_OBJC_WEAK = YES;
				CLANG_WARN_BLOCK_CAPTURE_AUTORELEASING = YES;
				CLANG_WARN_BOOL_CONVERSION = YES;
				CLANG_WARN_COMMA = YES;
				CLANG_WARN_CONSTANT_CONVERSION = YES;
				CLANG_WARN_DEPRECATED_OBJC_IMPLEMENTATIONS = YES;
				CLANG_WARN_DIRECT_OBJC_ISA_USAGE = YES_ERROR;
				CLANG_WARN_DOCUMENTATION_COMMENTS = YES;
				CLANG_WARN_EMPTY_BODY = YES;
				CLANG_WARN_ENUM_CONVERSION = YES;
				CLANG_WARN_INFINITE_RECURSION = YES;
				CLANG_WARN_INT_CONVERSION = YES;
				CLANG_WARN_NON_LITERAL_NULL_CONVERSION = YES;
				CLANG_WARN_OBJC_IMPLICIT_RETAIN_SELF = YES;
				CLANG_WARN_OBJC_LITERAL_CONVERSION = YES;
				CLANG_WARN_OBJC_ROOT_CLASS = YES_ERROR;
				CLANG_WARN_QUOTED_INCLUDE_IN_FRAMEWORK_HEADER = YES;
				CLANG_WARN_RANGE_LOOP_ANALYSIS = YES;
				CLANG_WARN_STRICT_PROTOTYPES = YES;
				CLANG_WARN_SUSPICIOUS_MOVE = YES;
				CLANG_WARN_UNGUARDED_AVAILABILITY = YES_AGGRESSIVE;
				CLANG_WARN_UNREACHABLE_CODE = YES;
				CLANG_WARN__DUPLICATE_METHOD_MATCH = YES;
				COPY_PHASE_STRIP = NO;
				DEBUG_INFORMATION_FORMAT = dwarf;
				ENABLE_STRICT_OBJC_MSGSEND = YES;
				ENABLE_TESTABILITY = YES;
				GCC_C_LANGUAGE_STANDARD = gnu11;
				GCC_DYNAMIC_NO_PIC = NO;
				GCC_NO_COMMON_BLOCKS = YES;
				GCC_OPTIMIZATION_LEVEL = 0;
				GCC_PREPROCESSOR_DEFINITIONS = (
					"DEBUG=1",
					"$(inherited)",
				);
				GCC_WARN_64_TO_32_BIT_CONVERSION = YES;
				GCC_WARN_ABOUT_RETURN_TYPE = YES_ERROR;
				GCC_WARN_UNDECLARED_SELECTOR = YES;
				GCC_WARN_UNINITIALIZED_AUTOS = YES_AGGRESSIVE;
				GCC_WARN_UNUSED_FUNCTION = YES;
				GCC_WARN_UNUSED_VARIABLE = YES;
				IPHONEOS_DEPLOYMENT_TARGET = 14.5;
				MTL_ENABLE_DEBUG_INFO = INCLUDE_SOURCE;
				MTL_FAST_MATH = YES;
				ONLY_ACTIVE_ARCH = YES;
				SDKROOT = iphoneos;
				SWIFT_ACTIVE_COMPILATION_CONDITIONS = DEBUG;
				SWIFT_OPTIMIZATION_LEVEL = "-Onone";
			};
			name = Debug;
		};
		6A44CB2926ED2099009C6F74 /* Release */ = {
			isa = XCBuildConfiguration;
			buildSettings = {
				ALWAYS_SEARCH_USER_PATHS = NO;
				CLANG_ANALYZER_NONNULL = YES;
				CLANG_ANALYZER_NUMBER_OBJECT_CONVERSION = YES_AGGRESSIVE;
				CLANG_CXX_LANGUAGE_STANDARD = "gnu++14";
				CLANG_CXX_LIBRARY = "libc++";
				CLANG_ENABLE_MODULES = YES;
				CLANG_ENABLE_OBJC_ARC = YES;
				CLANG_ENABLE_OBJC_WEAK = YES;
				CLANG_WARN_BLOCK_CAPTURE_AUTORELEASING = YES;
				CLANG_WARN_BOOL_CONVERSION = YES;
				CLANG_WARN_COMMA = YES;
				CLANG_WARN_CONSTANT_CONVERSION = YES;
				CLANG_WARN_DEPRECATED_OBJC_IMPLEMENTATIONS = YES;
				CLANG_WARN_DIRECT_OBJC_ISA_USAGE = YES_ERROR;
				CLANG_WARN_DOCUMENTATION_COMMENTS = YES;
				CLANG_WARN_EMPTY_BODY = YES;
				CLANG_WARN_ENUM_CONVERSION = YES;
				CLANG_WARN_INFINITE_RECURSION = YES;
				CLANG_WARN_INT_CONVERSION = YES;
				CLANG_WARN_NON_LITERAL_NULL_CONVERSION = YES;
				CLANG_WARN_OBJC_IMPLICIT_RETAIN_SELF = YES;
				CLANG_WARN_OBJC_LITERAL_CONVERSION = YES;
				CLANG_WARN_OBJC_ROOT_CLASS = YES_ERROR;
				CLANG_WARN_QUOTED_INCLUDE_IN_FRAMEWORK_HEADER = YES;
				CLANG_WARN_RANGE_LOOP_ANALYSIS = YES;
				CLANG_WARN_STRICT_PROTOTYPES = YES;
				CLANG_WARN_SUSPICIOUS_MOVE = YES;
				CLANG_WARN_UNGUARDED_AVAILABILITY = YES_AGGRESSIVE;
				CLANG_WARN_UNREACHABLE_CODE = YES;
				CLANG_WARN__DUPLICATE_METHOD_MATCH = YES;
				COPY_PHASE_STRIP = NO;
				DEBUG_INFORMATION_FORMAT = "dwarf-with-dsym";
				ENABLE_NS_ASSERTIONS = NO;
				ENABLE_STRICT_OBJC_MSGSEND = YES;
				GCC_C_LANGUAGE_STANDARD = gnu11;
				GCC_NO_COMMON_BLOCKS = YES;
				GCC_WARN_64_TO_32_BIT_CONVERSION = YES;
				GCC_WARN_ABOUT_RETURN_TYPE = YES_ERROR;
				GCC_WARN_UNDECLARED_SELECTOR = YES;
				GCC_WARN_UNINITIALIZED_AUTOS = YES_AGGRESSIVE;
				GCC_WARN_UNUSED_FUNCTION = YES;
				GCC_WARN_UNUSED_VARIABLE = YES;
				IPHONEOS_DEPLOYMENT_TARGET = 14.5;
				MTL_ENABLE_DEBUG_INFO = NO;
				MTL_FAST_MATH = YES;
				SDKROOT = iphoneos;
				SWIFT_COMPILATION_MODE = wholemodule;
				SWIFT_OPTIMIZATION_LEVEL = "-O";
				VALIDATE_PRODUCT = YES;
			};
			name = Release;
		};
		6A44CB2B26ED2099009C6F74 /* Debug */ = {
			isa = XCBuildConfiguration;
			baseConfigurationReference = 32ECF46DE1E4EA592E83EF80 /* Pods-BondHomework.debug.xcconfig */;
			buildSettings = {
				ASSETCATALOG_COMPILER_APPICON_NAME = AppIcon;
				ASSETCATALOG_COMPILER_GLOBAL_ACCENT_COLOR_NAME = AccentColor;
				CODE_SIGN_STYLE = Automatic;
				DEVELOPMENT_TEAM = D2QV53PR4Z;
				INFOPLIST_FILE = BondHomework/Info.plist;
				LD_RUNPATH_SEARCH_PATHS = (
					"$(inherited)",
					"@executable_path/Frameworks",
				);
				PRODUCT_BUNDLE_IDENTIFIER = starkov.BondHomework;
				PRODUCT_NAME = "$(TARGET_NAME)";
				SWIFT_VERSION = 5.0;
				TARGETED_DEVICE_FAMILY = "1,2";
			};
			name = Debug;
		};
		6A44CB2C26ED2099009C6F74 /* Release */ = {
			isa = XCBuildConfiguration;
			baseConfigurationReference = B1E2FCD0FA0B2EF62BE85DD5 /* Pods-BondHomework.release.xcconfig */;
			buildSettings = {
				ASSETCATALOG_COMPILER_APPICON_NAME = AppIcon;
				ASSETCATALOG_COMPILER_GLOBAL_ACCENT_COLOR_NAME = AccentColor;
				CODE_SIGN_STYLE = Automatic;
				DEVELOPMENT_TEAM = D2QV53PR4Z;
				INFOPLIST_FILE = BondHomework/Info.plist;
				LD_RUNPATH_SEARCH_PATHS = (
					"$(inherited)",
					"@executable_path/Frameworks",
				);
				PRODUCT_BUNDLE_IDENTIFIER = starkov.BondHomework;
				PRODUCT_NAME = "$(TARGET_NAME)";
				SWIFT_VERSION = 5.0;
				TARGETED_DEVICE_FAMILY = "1,2";
			};
			name = Release;
		};
/* End XCBuildConfiguration section */

/* Begin XCConfigurationList section */
		6A44CB1126ED2097009C6F74 /* Build configuration list for PBXProject "BondHomework" */ = {
			isa = XCConfigurationList;
			buildConfigurations = (
				6A44CB2826ED2099009C6F74 /* Debug */,
				6A44CB2926ED2099009C6F74 /* Release */,
			);
			defaultConfigurationIsVisible = 0;
			defaultConfigurationName = Release;
		};
		6A44CB2A26ED2099009C6F74 /* Build configuration list for PBXNativeTarget "BondHomework" */ = {
			isa = XCConfigurationList;
			buildConfigurations = (
				6A44CB2B26ED2099009C6F74 /* Debug */,
				6A44CB2C26ED2099009C6F74 /* Release */,
			);
			defaultConfigurationIsVisible = 0;
			defaultConfigurationName = Release;
		};
/* End XCConfigurationList section */
	};
	rootObject = 6A44CB0E26ED2097009C6F74 /* Project object */;
}
